// !$*UTF8*$!
{
	archiveVersion = 1;
	classes = {
	};
	objectVersion = 56;
	objects = {

/* Begin PBXBuildFile section */
		40F34B3C2B66276A00D11D35 /* CommunicatorApp.swift in Sources */ = {isa = PBXBuildFile; fileRef = 40F34B3B2B66276A00D11D35 /* CommunicatorApp.swift */; };
		40F34B402B66276A00D11D35 /* Assets.xcassets in Resources */ = {isa = PBXBuildFile; fileRef = 40F34B3F2B66276A00D11D35 /* Assets.xcassets */; };
		40F34B432B66276A00D11D35 /* Preview Assets.xcassets in Resources */ = {isa = PBXBuildFile; fileRef = 40F34B422B66276A00D11D35 /* Preview Assets.xcassets */; };
		40F34B4D2B66276B00D11D35 /* CommunicatorTests.swift in Sources */ = {isa = PBXBuildFile; fileRef = 40F34B4C2B66276B00D11D35 /* CommunicatorTests.swift */; };
		40F34B572B66276B00D11D35 /* CommunicatorUITests.swift in Sources */ = {isa = PBXBuildFile; fileRef = 40F34B562B66276B00D11D35 /* CommunicatorUITests.swift */; };
		40F34B592B66276B00D11D35 /* CommunicatorUITestsLaunchTests.swift in Sources */ = {isa = PBXBuildFile; fileRef = 40F34B582B66276B00D11D35 /* CommunicatorUITestsLaunchTests.swift */; };
/* End PBXBuildFile section */

/* Begin PBXContainerItemProxy section */
		40F34B492B66276B00D11D35 /* PBXContainerItemProxy */ = {
			isa = PBXContainerItemProxy;
			containerPortal = 40F34B302B66276A00D11D35 /* Project object */;
			proxyType = 1;
			remoteGlobalIDString = 40F34B372B66276A00D11D35;
			remoteInfo = Communicator;
		};
		40F34B532B66276B00D11D35 /* PBXContainerItemProxy */ = {
			isa = PBXContainerItemProxy;
			containerPortal = 40F34B302B66276A00D11D35 /* Project object */;
			proxyType = 1;
			remoteGlobalIDString = 40F34B372B66276A00D11D35;
			remoteInfo = Communicator;
		};
/* End PBXContainerItemProxy section */

/* Begin PBXFileReference section */
		40F34B382B66276A00D11D35 /* Communicator.app */ = {isa = PBXFileReference; explicitFileType = wrapper.application; includeInIndex = 0; path = Communicator.app; sourceTree = BUILT_PRODUCTS_DIR; };
		40F34B3B2B66276A00D11D35 /* CommunicatorApp.swift */ = {isa = PBXFileReference; lastKnownFileType = sourcecode.swift; path = CommunicatorApp.swift; sourceTree = "<group>"; };
		40F34B3F2B66276A00D11D35 /* Assets.xcassets */ = {isa = PBXFileReference; lastKnownFileType = folder.assetcatalog; path = Assets.xcassets; sourceTree = "<group>"; };
		40F34B422B66276A00D11D35 /* Preview Assets.xcassets */ = {isa = PBXFileReference; lastKnownFileType = folder.assetcatalog; path = "Preview Assets.xcassets"; sourceTree = "<group>"; };
		40F34B482B66276B00D11D35 /* CommunicatorTests.xctest */ = {isa = PBXFileReference; explicitFileType = wrapper.cfbundle; includeInIndex = 0; path = CommunicatorTests.xctest; sourceTree = BUILT_PRODUCTS_DIR; };
		40F34B4C2B66276B00D11D35 /* CommunicatorTests.swift */ = {isa = PBXFileReference; lastKnownFileType = sourcecode.swift; path = CommunicatorTests.swift; sourceTree = "<group>"; };
		40F34B522B66276B00D11D35 /* CommunicatorUITests.xctest */ = {isa = PBXFileReference; explicitFileType = wrapper.cfbundle; includeInIndex = 0; path = CommunicatorUITests.xctest; sourceTree = BUILT_PRODUCTS_DIR; };
		40F34B562B66276B00D11D35 /* CommunicatorUITests.swift */ = {isa = PBXFileReference; lastKnownFileType = sourcecode.swift; path = CommunicatorUITests.swift; sourceTree = "<group>"; };
		40F34B582B66276B00D11D35 /* CommunicatorUITestsLaunchTests.swift */ = {isa = PBXFileReference; lastKnownFileType = sourcecode.swift; path = CommunicatorUITestsLaunchTests.swift; sourceTree = "<group>"; };
/* End PBXFileReference section */

/* Begin PBXFrameworksBuildPhase section */
		40F34B352B66276A00D11D35 /* Frameworks */ = {
			isa = PBXFrameworksBuildPhase;
			buildActionMask = 2147483647;
			files = (
			);
			runOnlyForDeploymentPostprocessing = 0;
		};
		40F34B452B66276B00D11D35 /* Frameworks */ = {
			isa = PBXFrameworksBuildPhase;
			buildActionMask = 2147483647;
			files = (
			);
			runOnlyForDeploymentPostprocessing = 0;
		};
		40F34B4F2B66276B00D11D35 /* Frameworks */ = {
			isa = PBXFrameworksBuildPhase;
			buildActionMask = 2147483647;
			files = (
			);
			runOnlyForDeploymentPostprocessing = 0;
		};
/* End PBXFrameworksBuildPhase section */

/* Begin PBXGroup section */
		40F34B2F2B66276A00D11D35 = {
			isa = PBXGroup;
			children = (
				40F34B3A2B66276A00D11D35 /* Communicator */,
				40F34B4B2B66276B00D11D35 /* CommunicatorTests */,
				40F34B552B66276B00D11D35 /* CommunicatorUITests */,
				40F34B392B66276A00D11D35 /* Products */,
			);
			sourceTree = "<group>";
		};
		40F34B392B66276A00D11D35 /* Products */ = {
			isa = PBXGroup;
			children = (
				40F34B382B66276A00D11D35 /* Communicator.app */,
				40F34B482B66276B00D11D35 /* CommunicatorTests.xctest */,
				40F34B522B66276B00D11D35 /* CommunicatorUITests.xctest */,
			);
			name = Products;
			sourceTree = "<group>";
		};
		40F34B3A2B66276A00D11D35 /* Communicator */ = {
			isa = PBXGroup;
			children = (
				40F34B3B2B66276A00D11D35 /* CommunicatorApp.swift */,
				40F34B682B6629AA00D11D35 /* Views */,
				40F34B672B66296800D11D35 /* Models */,
				40F34B3F2B66276A00D11D35 /* Assets.xcassets */,
				40F34B412B66276A00D11D35 /* Preview Content */,
			);
			path = Communicator;
			sourceTree = "<group>";
		};
		40F34B412B66276A00D11D35 /* Preview Content */ = {
			isa = PBXGroup;
			children = (
				40F34B422B66276A00D11D35 /* Preview Assets.xcassets */,
			);
			path = "Preview Content";
			sourceTree = "<group>";
		};
		40F34B4B2B66276B00D11D35 /* CommunicatorTests */ = {
			isa = PBXGroup;
			children = (
				40F34B4C2B66276B00D11D35 /* CommunicatorTests.swift */,
			);
			path = CommunicatorTests;
			sourceTree = "<group>";
		};
		40F34B552B66276B00D11D35 /* CommunicatorUITests */ = {
			isa = PBXGroup;
			children = (
				40F34B562B66276B00D11D35 /* CommunicatorUITests.swift */,
				40F34B582B66276B00D11D35 /* CommunicatorUITestsLaunchTests.swift */,
			);
			path = CommunicatorUITests;
			sourceTree = "<group>";
		};
		40F34B672B66296800D11D35 /* Models */ = {
			isa = PBXGroup;
			children = (
			);
			path = Models;
			sourceTree = "<group>";
		};
		40F34B682B6629AA00D11D35 /* Views */ = {
			isa = PBXGroup;
			children = (
			);
			path = Views;
			sourceTree = "<group>";
		};
/* End PBXGroup section */

/* Begin PBXNativeTarget section */
		40F34B372B66276A00D11D35 /* Communicator */ = {
			isa = PBXNativeTarget;
			buildConfigurationList = 40F34B5C2B66276B00D11D35 /* Build configuration list for PBXNativeTarget "Communicator" */;
			buildPhases = (
				40F34B342B66276A00D11D35 /* Sources */,
				40F34B352B66276A00D11D35 /* Frameworks */,
				40F34B362B66276A00D11D35 /* Resources */,
			);
			buildRules = (
			);
			dependencies = (
			);
			name = Communicator;
			productName = Communicator;
			productReference = 40F34B382B66276A00D11D35 /* Communicator.app */;
			productType = "com.apple.product-type.application";
		};
		40F34B472B66276B00D11D35 /* CommunicatorTests */ = {
			isa = PBXNativeTarget;
			buildConfigurationList = 40F34B5F2B66276B00D11D35 /* Build configuration list for PBXNativeTarget "CommunicatorTests" */;
			buildPhases = (
				40F34B442B66276B00D11D35 /* Sources */,
				40F34B452B66276B00D11D35 /* Frameworks */,
				40F34B462B66276B00D11D35 /* Resources */,
			);
			buildRules = (
			);
			dependencies = (
				40F34B4A2B66276B00D11D35 /* PBXTargetDependency */,
			);
			name = CommunicatorTests;
			productName = CommunicatorTests;
			productReference = 40F34B482B66276B00D11D35 /* CommunicatorTests.xctest */;
			productType = "com.apple.product-type.bundle.unit-test";
		};
		40F34B512B66276B00D11D35 /* CommunicatorUITests */ = {
			isa = PBXNativeTarget;
			buildConfigurationList = 40F34B622B66276B00D11D35 /* Build configuration list for PBXNativeTarget "CommunicatorUITests" */;
			buildPhases = (
				40F34B4E2B66276B00D11D35 /* Sources */,
				40F34B4F2B66276B00D11D35 /* Frameworks */,
				40F34B502B66276B00D11D35 /* Resources */,
			);
			buildRules = (
			);
			dependencies = (
				40F34B542B66276B00D11D35 /* PBXTargetDependency */,
			);
			name = CommunicatorUITests;
			productName = CommunicatorUITests;
			productReference = 40F34B522B66276B00D11D35 /* CommunicatorUITests.xctest */;
			productType = "com.apple.product-type.bundle.ui-testing";
		};
/* End PBXNativeTarget section */

/* Begin PBXProject section */
		40F34B302B66276A00D11D35 /* Project object */ = {
			isa = PBXProject;
			attributes = {
				BuildIndependentTargetsInParallel = 1;
				LastSwiftUpdateCheck = 1520;
				LastUpgradeCheck = 1520;
				TargetAttributes = {
					40F34B372B66276A00D11D35 = {
						CreatedOnToolsVersion = 15.2;
					};
					40F34B472B66276B00D11D35 = {
						CreatedOnToolsVersion = 15.2;
						TestTargetID = 40F34B372B66276A00D11D35;
					};
					40F34B512B66276B00D11D35 = {
						CreatedOnToolsVersion = 15.2;
						TestTargetID = 40F34B372B66276A00D11D35;
					};
				};
			};
			buildConfigurationList = 40F34B332B66276A00D11D35 /* Build configuration list for PBXProject "Communicator" */;
			compatibilityVersion = "Xcode 14.0";
			developmentRegion = en;
			hasScannedForEncodings = 0;
			knownRegions = (
				en,
				Base,
			);
			mainGroup = 40F34B2F2B66276A00D11D35;
			productRefGroup = 40F34B392B66276A00D11D35 /* Products */;
			projectDirPath = "";
			projectRoot = "";
			targets = (
				40F34B372B66276A00D11D35 /* Communicator */,
				40F34B472B66276B00D11D35 /* CommunicatorTests */,
				40F34B512B66276B00D11D35 /* CommunicatorUITests */,
			);
		};
/* End PBXProject section */

/* Begin PBXResourcesBuildPhase section */
		40F34B362B66276A00D11D35 /* Resources */ = {
			isa = PBXResourcesBuildPhase;
			buildActionMask = 2147483647;
			files = (
				40F34B432B66276A00D11D35 /* Preview Assets.xcassets in Resources */,
				40F34B402B66276A00D11D35 /* Assets.xcassets in Resources */,
			);
			runOnlyForDeploymentPostprocessing = 0;
		};
		40F34B462B66276B00D11D35 /* Resources */ = {
			isa = PBXResourcesBuildPhase;
			buildActionMask = 2147483647;
			files = (
			);
			runOnlyForDeploymentPostprocessing = 0;
		};
		40F34B502B66276B00D11D35 /* Resources */ = {
			isa = PBXResourcesBuildPhase;
			buildActionMask = 2147483647;
			files = (
			);
			runOnlyForDeploymentPostprocessing = 0;
		};
/* End PBXResourcesBuildPhase section */

/* Begin PBXSourcesBuildPhase section */
		40F34B342B66276A00D11D35 /* Sources */ = {
			isa = PBXSourcesBuildPhase;
			buildActionMask = 2147483647;
			files = (
				40F34B3C2B66276A00D11D35 /* CommunicatorApp.swift in Sources */,
			);
			runOnlyForDeploymentPostprocessing = 0;
		};
		40F34B442B66276B00D11D35 /* Sources */ = {
			isa = PBXSourcesBuildPhase;
			buildActionMask = 2147483647;
			files = (
				40F34B4D2B66276B00D11D35 /* CommunicatorTests.swift in Sources */,
			);
			runOnlyForDeploymentPostprocessing = 0;
		};
		40F34B4E2B66276B00D11D35 /* Sources */ = {
			isa = PBXSourcesBuildPhase;
			buildActionMask = 2147483647;
			files = (
				40F34B572B66276B00D11D35 /* CommunicatorUITests.swift in Sources */,
				40F34B592B66276B00D11D35 /* CommunicatorUITestsLaunchTests.swift in Sources */,
			);
			runOnlyForDeploymentPostprocessing = 0;
		};
/* End PBXSourcesBuildPhase section */

/* Begin PBXTargetDependency section */
		40F34B4A2B66276B00D11D35 /* PBXTargetDependency */ = {
			isa = PBXTargetDependency;
			target = 40F34B372B66276A00D11D35 /* Communicator */;
			targetProxy = 40F34B492B66276B00D11D35 /* PBXContainerItemProxy */;
		};
		40F34B542B66276B00D11D35 /* PBXTargetDependency */ = {
			isa = PBXTargetDependency;
			target = 40F34B372B66276A00D11D35 /* Communicator */;
			targetProxy = 40F34B532B66276B00D11D35 /* PBXContainerItemProxy */;
		};
/* End PBXTargetDependency section */

/* Begin XCBuildConfiguration section */
		40F34B5A2B66276B00D11D35 /* Debug */ = {
			isa = XCBuildConfiguration;
			buildSettings = {
				ALWAYS_SEARCH_USER_PATHS = NO;
				ASSETCATALOG_COMPILER_GENERATE_SWIFT_ASSET_SYMBOL_EXTENSIONS = YES;
				CLANG_ANALYZER_NONNULL = YES;
				CLANG_ANALYZER_NUMBER_OBJECT_CONVERSION = YES_AGGRESSIVE;
				CLANG_CXX_LANGUAGE_STANDARD = "gnu++20";
				CLANG_ENABLE_MODULES = YES;
				CLANG_ENABLE_OBJC_ARC = YES;
				CLANG_ENABLE_OBJC_WEAK = YES;
				CLANG_WARN_BLOCK_CAPTURE_AUTORELEASING = YES;
				CLANG_WARN_BOOL_CONVERSION = YES;
				CLANG_WARN_COMMA = YES;
				CLANG_WARN_CONSTANT_CONVERSION = YES;
				CLANG_WARN_DEPRECATED_OBJC_IMPLEMENTATIONS = YES;
				CLANG_WARN_DIRECT_OBJC_ISA_USAGE = YES_ERROR;
				CLANG_WARN_DOCUMENTATION_COMMENTS = YES;
				CLANG_WARN_EMPTY_BODY = YES;
				CLANG_WARN_ENUM_CONVERSION = YES;
				CLANG_WARN_INFINITE_RECURSION = YES;
				CLANG_WARN_INT_CONVERSION = YES;
				CLANG_WARN_NON_LITERAL_NULL_CONVERSION = YES;
				CLANG_WARN_OBJC_IMPLICIT_RETAIN_SELF = YES;
				CLANG_WARN_OBJC_LITERAL_CONVERSION = YES;
				CLANG_WARN_OBJC_ROOT_CLASS = YES_ERROR;
				CLANG_WARN_QUOTED_INCLUDE_IN_FRAMEWORK_HEADER = YES;
				CLANG_WARN_RANGE_LOOP_ANALYSIS = YES;
				CLANG_WARN_STRICT_PROTOTYPES = YES;
				CLANG_WARN_SUSPICIOUS_MOVE = YES;
				CLANG_WARN_UNGUARDED_AVAILABILITY = YES_AGGRESSIVE;
				CLANG_WARN_UNREACHABLE_CODE = YES;
				CLANG_WARN__DUPLICATE_METHOD_MATCH = YES;
				COPY_PHASE_STRIP = NO;
				DEBUG_INFORMATION_FORMAT = dwarf;
				ENABLE_STRICT_OBJC_MSGSEND = YES;
				ENABLE_TESTABILITY = YES;
				ENABLE_USER_SCRIPT_SANDBOXING = YES;
				GCC_C_LANGUAGE_STANDARD = gnu17;
				GCC_DYNAMIC_NO_PIC = NO;
				GCC_NO_COMMON_BLOCKS = YES;
				GCC_OPTIMIZATION_LEVEL = 0;
				GCC_PREPROCESSOR_DEFINITIONS = (
					"DEBUG=1",
					"$(inherited)",
				);
				GCC_WARN_64_TO_32_BIT_CONVERSION = YES;
				GCC_WARN_ABOUT_RETURN_TYPE = YES_ERROR;
				GCC_WARN_UNDECLARED_SELECTOR = YES;
				GCC_WARN_UNINITIALIZED_AUTOS = YES_AGGRESSIVE;
				GCC_WARN_UNUSED_FUNCTION = YES;
				GCC_WARN_UNUSED_VARIABLE = YES;
				IPHONEOS_DEPLOYMENT_TARGET = 17.2;
				LOCALIZATION_PREFERS_STRING_CATALOGS = YES;
				MTL_ENABLE_DEBUG_INFO = INCLUDE_SOURCE;
				MTL_FAST_MATH = YES;
				ONLY_ACTIVE_ARCH = YES;
				SDKROOT = iphoneos;
				SWIFT_ACTIVE_COMPILATION_CONDITIONS = "DEBUG $(inherited)";
				SWIFT_OPTIMIZATION_LEVEL = "-Onone";
			};
			name = Debug;
		};
		40F34B5B2B66276B00D11D35 /* Release */ = {
			isa = XCBuildConfiguration;
			buildSettings = {
				ALWAYS_SEARCH_USER_PATHS = NO;
				ASSETCATALOG_COMPILER_GENERATE_SWIFT_ASSET_SYMBOL_EXTENSIONS = YES;
				CLANG_ANALYZER_NONNULL = YES;
				CLANG_ANALYZER_NUMBER_OBJECT_CONVERSION = YES_AGGRESSIVE;
				CLANG_CXX_LANGUAGE_STANDARD = "gnu++20";
				CLANG_ENABLE_MODULES = YES;
				CLANG_ENABLE_OBJC_ARC = YES;
				CLANG_ENABLE_OBJC_WEAK = YES;
				CLANG_WARN_BLOCK_CAPTURE_AUTORELEASING = YES;
				CLANG_WARN_BOOL_CONVERSION = YES;
				CLANG_WARN_COMMA = YES;
				CLANG_WARN_CONSTANT_CONVERSION = YES;
				CLANG_WARN_DEPRECATED_OBJC_IMPLEMENTATIONS = YES;
				CLANG_WARN_DIRECT_OBJC_ISA_USAGE = YES_ERROR;
				CLANG_WARN_DOCUMENTATION_COMMENTS = YES;
				CLANG_WARN_EMPTY_BODY = YES;
				CLANG_WARN_ENUM_CONVERSION = YES;
				CLANG_WARN_INFINITE_RECURSION = YES;
				CLANG_WARN_INT_CONVERSION = YES;
				CLANG_WARN_NON_LITERAL_NULL_CONVERSION = YES;
				CLANG_WARN_OBJC_IMPLICIT_RETAIN_SELF = YES;
				CLANG_WARN_OBJC_LITERAL_CONVERSION = YES;
				CLANG_WARN_OBJC_ROOT_CLASS = YES_ERROR;
				CLANG_WARN_QUOTED_INCLUDE_IN_FRAMEWORK_HEADER = YES;
				CLANG_WARN_RANGE_LOOP_ANALYSIS = YES;
				CLANG_WARN_STRICT_PROTOTYPES = YES;
				CLANG_WARN_SUSPICIOUS_MOVE = YES;
				CLANG_WARN_UNGUARDED_AVAILABILITY = YES_AGGRESSIVE;
				CLANG_WARN_UNREACHABLE_CODE = YES;
				CLANG_WARN__DUPLICATE_METHOD_MATCH = YES;
				COPY_PHASE_STRIP = NO;
				DEBUG_INFORMATION_FORMAT = "dwarf-with-dsym";
				ENABLE_NS_ASSERTIONS = NO;
				ENABLE_STRICT_OBJC_MSGSEND = YES;
				ENABLE_USER_SCRIPT_SANDBOXING = YES;
				GCC_C_LANGUAGE_STANDARD = gnu17;
				GCC_NO_COMMON_BLOCKS = YES;
				GCC_WARN_64_TO_32_BIT_CONVERSION = YES;
				GCC_WARN_ABOUT_RETURN_TYPE = YES_ERROR;
				GCC_WARN_UNDECLARED_SELECTOR = YES;
				GCC_WARN_UNINITIALIZED_AUTOS = YES_AGGRESSIVE;
				GCC_WARN_UNUSED_FUNCTION = YES;
				GCC_WARN_UNUSED_VARIABLE = YES;
				IPHONEOS_DEPLOYMENT_TARGET = 17.2;
				LOCALIZATION_PREFERS_STRING_CATALOGS = YES;
				MTL_ENABLE_DEBUG_INFO = NO;
				MTL_FAST_MATH = YES;
				SDKROOT = iphoneos;
				SWIFT_COMPILATION_MODE = wholemodule;
				VALIDATE_PRODUCT = YES;
			};
			name = Release;
		};
		40F34B5D2B66276B00D11D35 /* Debug */ = {
			isa = XCBuildConfiguration;
			buildSettings = {
				ASSETCATALOG_COMPILER_APPICON_NAME = AppIcon;
				ASSETCATALOG_COMPILER_GLOBAL_ACCENT_COLOR_NAME = AccentColor;
				CODE_SIGN_STYLE = Automatic;
				CURRENT_PROJECT_VERSION = 1;
				DEVELOPMENT_ASSET_PATHS = "\"Communicator/Preview Content\"";
				ENABLE_PREVIEWS = YES;
				GENERATE_INFOPLIST_FILE = YES;
				INFOPLIST_KEY_UIApplicationSceneManifest_Generation = YES;
				INFOPLIST_KEY_UIApplicationSupportsIndirectInputEvents = YES;
				INFOPLIST_KEY_UILaunchScreen_Generation = YES;
				INFOPLIST_KEY_UISupportedInterfaceOrientations_iPad = "UIInterfaceOrientationPortrait UIInterfaceOrientationPortraitUpsideDown UIInterfaceOrientationLandscapeLeft UIInterfaceOrientationLandscapeRight";
				INFOPLIST_KEY_UISupportedInterfaceOrientations_iPhone = "UIInterfaceOrientationPortrait UIInterfaceOrientationLandscapeLeft UIInterfaceOrientationLandscapeRight";
				LD_RUNPATH_SEARCH_PATHS = (
					"$(inherited)",
					"@executable_path/Frameworks",
				);
				MARKETING_VERSION = 1.0;
				PRODUCT_BUNDLE_IDENTIFIER = amicable.Communicator;
				PRODUCT_NAME = "$(TARGET_NAME)";
				SWIFT_EMIT_LOC_STRINGS = YES;
				SWIFT_VERSION = 5.0;
				TARGETED_DEVICE_FAMILY = "1,2";
			};
			name = Debug;
		};
		40F34B5E2B66276B00D11D35 /* Release */ = {
			isa = XCBuildConfiguration;
			buildSettings = {
				ASSETCATALOG_COMPILER_APPICON_NAME = AppIcon;
				ASSETCATALOG_COMPILER_GLOBAL_ACCENT_COLOR_NAME = AccentColor;
				CODE_SIGN_STYLE = Automatic;
				CURRENT_PROJECT_VERSION = 1;
				DEVELOPMENT_ASSET_PATHS = "\"Communicator/Preview Content\"";
				ENABLE_PREVIEWS = YES;
				GENERATE_INFOPLIST_FILE = YES;
				INFOPLIST_KEY_UIApplicationSceneManifest_Generation = YES;
				INFOPLIST_KEY_UIApplicationSupportsIndirectInputEvents = YES;
				INFOPLIST_KEY_UILaunchScreen_Generation = YES;
				INFOPLIST_KEY_UISupportedInterfaceOrientations_iPad = "UIInterfaceOrientationPortrait UIInterfaceOrientationPortraitUpsideDown UIInterfaceOrientationLandscapeLeft UIInterfaceOrientationLandscapeRight";
				INFOPLIST_KEY_UISupportedInterfaceOrientations_iPhone = "UIInterfaceOrientationPortrait UIInterfaceOrientationLandscapeLeft UIInterfaceOrientationLandscapeRight";
				LD_RUNPATH_SEARCH_PATHS = (
					"$(inherited)",
					"@executable_path/Frameworks",
				);
				MARKETING_VERSION = 1.0;
				PRODUCT_BUNDLE_IDENTIFIER = amicable.Communicator;
				PRODUCT_NAME = "$(TARGET_NAME)";
				SWIFT_EMIT_LOC_STRINGS = YES;
				SWIFT_VERSION = 5.0;
				TARGETED_DEVICE_FAMILY = "1,2";
			};
			name = Release;
		};
		40F34B602B66276B00D11D35 /* Debug */ = {
			isa = XCBuildConfiguration;
			buildSettings = {
				ALWAYS_EMBED_SWIFT_STANDARD_LIBRARIES = YES;
				BUNDLE_LOADER = "$(TEST_HOST)";
				CODE_SIGN_STYLE = Automatic;
				CURRENT_PROJECT_VERSION = 1;
				GENERATE_INFOPLIST_FILE = YES;
				IPHONEOS_DEPLOYMENT_TARGET = 17.2;
				MARKETING_VERSION = 1.0;
				PRODUCT_BUNDLE_IDENTIFIER = amicable.CommunicatorTests;
				PRODUCT_NAME = "$(TARGET_NAME)";
				SWIFT_EMIT_LOC_STRINGS = NO;
				SWIFT_VERSION = 5.0;
				TARGETED_DEVICE_FAMILY = "1,2";
				TEST_HOST = "$(BUILT_PRODUCTS_DIR)/Communicator.app/$(BUNDLE_EXECUTABLE_FOLDER_PATH)/Communicator";
			};
			name = Debug;
		};
		40F34B612B66276B00D11D35 /* Release */ = {
			isa = XCBuildConfiguration;
			buildSettings = {
				ALWAYS_EMBED_SWIFT_STANDARD_LIBRARIES = YES;
				BUNDLE_LOADER = "$(TEST_HOST)";
				CODE_SIGN_STYLE = Automatic;
				CURRENT_PROJECT_VERSION = 1;
				GENERATE_INFOPLIST_FILE = YES;
				IPHONEOS_DEPLOYMENT_TARGET = 17.2;
				MARKETING_VERSION = 1.0;
				PRODUCT_BUNDLE_IDENTIFIER = amicable.CommunicatorTests;
				PRODUCT_NAME = "$(TARGET_NAME)";
				SWIFT_EMIT_LOC_STRINGS = NO;
				SWIFT_VERSION = 5.0;
				TARGETED_DEVICE_FAMILY = "1,2";
				TEST_HOST = "$(BUILT_PRODUCTS_DIR)/Communicator.app/$(BUNDLE_EXECUTABLE_FOLDER_PATH)/Communicator";
			};
			name = Release;
		};
		40F34B632B66276B00D11D35 /* Debug */ = {
			isa = XCBuildConfiguration;
			buildSettings = {
				ALWAYS_EMBED_SWIFT_STANDARD_LIBRARIES = YES;
				CODE_SIGN_STYLE = Automatic;
				CURRENT_PROJECT_VERSION = 1;
				GENERATE_INFOPLIST_FILE = YES;
				MARKETING_VERSION = 1.0;
				PRODUCT_BUNDLE_IDENTIFIER = amicable.CommunicatorUITests;
				PRODUCT_NAME = "$(TARGET_NAME)";
				SWIFT_EMIT_LOC_STRINGS = NO;
				SWIFT_VERSION = 5.0;
				TARGETED_DEVICE_FAMILY = "1,2";
				TEST_TARGET_NAME = Communicator;
			};
			name = Debug;
		};
		40F34B642B66276B00D11D35 /* Release */ = {
			isa = XCBuildConfiguration;
			buildSettings = {
				ALWAYS_EMBED_SWIFT_STANDARD_LIBRARIES = YES;
				CODE_SIGN_STYLE = Automatic;
				CURRENT_PROJECT_VERSION = 1;
				GENERATE_INFOPLIST_FILE = YES;
				MARKETING_VERSION = 1.0;
				PRODUCT_BUNDLE_IDENTIFIER = amicable.CommunicatorUITests;
				PRODUCT_NAME = "$(TARGET_NAME)";
				SWIFT_EMIT_LOC_STRINGS = NO;
				SWIFT_VERSION = 5.0;
				TARGETED_DEVICE_FAMILY = "1,2";
				TEST_TARGET_NAME = Communicator;
			};
			name = Release;
		};
/* End XCBuildConfiguration section */

/* Begin XCConfigurationList section */
		40F34B332B66276A00D11D35 /* Build configuration list for PBXProject "Communicator" */ = {
			isa = XCConfigurationList;
			buildConfigurations = (
				40F34B5A2B66276B00D11D35 /* Debug */,
				40F34B5B2B66276B00D11D35 /* Release */,
			);
			defaultConfigurationIsVisible = 0;
			defaultConfigurationName = Release;
		};
		40F34B5C2B66276B00D11D35 /* Build configuration list for PBXNativeTarget "Communicator" */ = {
			isa = XCConfigurationList;
			buildConfigurations = (
				40F34B5D2B66276B00D11D35 /* Debug */,
				40F34B5E2B66276B00D11D35 /* Release */,
			);
			defaultConfigurationIsVisible = 0;
			defaultConfigurationName = Release;
		};
		40F34B5F2B66276B00D11D35 /* Build configuration list for PBXNativeTarget "CommunicatorTests" */ = {
			isa = XCConfigurationList;
			buildConfigurations = (
				40F34B602B66276B00D11D35 /* Debug */,
				40F34B612B66276B00D11D35 /* Release */,
			);
			defaultConfigurationIsVisible = 0;
			defaultConfigurationName = Release;
		};
		40F34B622B66276B00D11D35 /* Build configuration list for PBXNativeTarget "CommunicatorUITests" */ = {
			isa = XCConfigurationList;
			buildConfigurations = (
				40F34B632B66276B00D11D35 /* Debug */,
				40F34B642B66276B00D11D35 /* Release */,
			);
			defaultConfigurationIsVisible = 0;
			defaultConfigurationName = Release;
		};
/* End XCConfigurationList section */
	};
	rootObject = 40F34B302B66276A00D11D35 /* Project object */;
}
